
Microsoft Visual Studio Solution File, Format Version 12.00
# Visual Studio Version 17
VisualStudioVersion = 17.5.33627.172
MinimumVisualStudioVersion = 10.0.40219.1
Project("{FAE04EC0-301F-11D3-BF4B-00C04F79EFBC}") = "ESite", "ESite\ESite.csproj", "{9D0EF12A-E9AB-42A5-AEFF-EA63FD78D1BA}"
EndProject
Project("{2150E333-8FDC-42A3-9474-1A3956D46DE8}") = "Solution Items", "Solution Items", "{EE3EC5E9-8519-42DB-92B7-C051EA92606D}"
	ProjectSection(SolutionItems) = preProject
		.editorconfig = .editorconfig
	EndProjectSection
EndProject
Global
	GlobalSection(SolutionConfigurationPlatforms) = preSolution
		Debug|Any CPU = Debug|Any CPU
		Release|Any CPU = Release|Any CPU
	EndGlobalSection
	GlobalSection(ProjectConfigurationPlatforms) = postSolution
		{9D0EF12A-E9AB-42A5-AEFF-EA63FD78D1BA}.Debug|Any CPU.ActiveCfg = Debug|Any CPU
		{9D0EF12A-E9AB-42A5-AEFF-EA63FD78D1BA}.Debug|Any CPU.Build.0 = Debug|Any CPU
		{9D0EF12A-E9AB-42A5-AEFF-EA63FD78D1BA}.Release|Any CPU.ActiveCfg = Release|Any CPU
		{9D0EF12A-E9AB-42A5-AEFF-EA63FD78D1BA}.Release|Any CPU.Build.0 = Release|Any CPU
	EndGlobalSection
	GlobalSection(SolutionProperties) = preSolution
		HideSolutionNode = FALSE
	EndGlobalSection
	GlobalSection(ExtensibilityGlobals) = postSolution
		SolutionGuid = {E65AA53F-C892-431D-967B-A2D2F8BE3B19}
	EndGlobalSection
EndGlobal
